
Microsoft Visual Studio Solution File, Format Version 12.00
# Visual Studio Version 17
VisualStudioVersion = 17.6.33829.357
MinimumVisualStudioVersion = 10.0.40219.1
Project("{9A19103F-16F7-4668-BE54-9A1E7A4F7556}") = "report", "report.csproj", "{9F04A47A-6C65-444D-93A2-1967B4D21285}"
EndProject
Global
	GlobalSection(SolutionConfigurationPlatforms) = preSolution
		Debug|Any CPU = Debug|Any CPU
		Release|Any CPU = Release|Any CPU
	EndGlobalSection
	GlobalSection(ProjectConfigurationPlatforms) = postSolution
		{9F04A47A-6C65-444D-93A2-1967B4D21285}.Debug|Any CPU.ActiveCfg = Debug|Any CPU
		{9F04A47A-6C65-444D-93A2-1967B4D21285}.Debug|Any CPU.Build.0 = Debug|Any CPU
		{9F04A47A-6C65-444D-93A2-1967B4D21285}.Release|Any CPU.ActiveCfg = Release|Any CPU
		{9F04A47A-6C65-444D-93A2-1967B4D21285}.Release|Any CPU.Build.0 = Release|Any CPU
	EndGlobalSection
	GlobalSection(SolutionProperties) = preSolution
		HideSolutionNode = FALSE
	EndGlobalSection
	GlobalSection(ExtensibilityGlobals) = postSolution
		SolutionGuid = {661DC9B8-333E-4949-86D9-84B85A0CFCA0}
	EndGlobalSection
EndGlobal
